
Microsoft Visual Studio Solution File, Format Version 12.00
# Visual Studio Version 17
VisualStudioVersion = 17.5.33530.505
MinimumVisualStudioVersion = 10.0.40219.1
Project("{FAE04EC0-301F-11D3-BF4B-00C04F79EFBC}") = "ten-leetcode-problems", "ten-leetcode-problems\ten-leetcode-problems.csproj", "{1A319B27-4414-4E63-983C-FF86CBEA57DB}"
EndProject
Global
	GlobalSection(SolutionConfigurationPlatforms) = preSolution
		Debug|Any CPU = Debug|Any CPU
		Release|Any CPU = Release|Any CPU
	EndGlobalSection
	GlobalSection(ProjectConfigurationPlatforms) = postSolution
		{1A319B27-4414-4E63-983C-FF86CBEA57DB}.Debug|Any CPU.ActiveCfg = Debug|Any CPU
		{1A319B27-4414-4E63-983C-FF86CBEA57DB}.Debug|Any CPU.Build.0 = Debug|Any CPU
		{1A319B27-4414-4E63-983C-FF86CBEA57DB}.Release|Any CPU.ActiveCfg = Release|Any CPU
		{1A319B27-4414-4E63-983C-FF86CBEA57DB}.Release|Any CPU.Build.0 = Release|Any CPU
	EndGlobalSection
	GlobalSection(SolutionProperties) = preSolution
		HideSolutionNode = FALSE
	EndGlobalSection
	GlobalSection(ExtensibilityGlobals) = postSolution
		SolutionGuid = {54E4EED6-6FD4-4A62-BBA0-B19D83B3885D}
	EndGlobalSection
EndGlobal
